
Microsoft Visual Studio Solution File, Format Version 12.00
# Visual Studio Version 17
VisualStudioVersion = 17.14.36221.1
MinimumVisualStudioVersion = 10.0.40219.1
Project("{FAE04EC0-301F-11D3-BF4B-00C04F79EFBC}") = "Chatting Client", "Chatting Client\Chatting Client.csproj", "{6B191BAD-E99F-4C20-9BAA-EE033318F64C}"
EndProject
Project("{FAE04EC0-301F-11D3-BF4B-00C04F79EFBC}") = "Chatting Server", "Chatting Server\Chatting Server.csproj", "{6DB9B9D4-DDCB-4970-8495-31AE8C0DBCB2}"
EndProject
Project("{FAE04EC0-301F-11D3-BF4B-00C04F79EFBC}") = "MessageLib", "Message\MessageLib.csproj", "{73B305C2-3C3E-4878-ABA1-536A4E47EA10}"
EndProject
Project("{FAE04EC0-301F-11D3-BF4B-00C04F79EFBC}") = "Website", "Website\Website.csproj", "{81535458-0ED5-4FFA-AB6E-BBA66156192C}"
EndProject
Global
	GlobalSection(SolutionConfigurationPlatforms) = preSolution
		Debug|Any CPU = Debug|Any CPU
		Release|Any CPU = Release|Any CPU
	EndGlobalSection
	GlobalSection(ProjectConfigurationPlatforms) = postSolution
		{6B191BAD-E99F-4C20-9BAA-EE033318F64C}.Debug|Any CPU.ActiveCfg = Debug|Any CPU
		{6B191BAD-E99F-4C20-9BAA-EE033318F64C}.Debug|Any CPU.Build.0 = Debug|Any CPU
		{6B191BAD-E99F-4C20-9BAA-EE033318F64C}.Release|Any CPU.ActiveCfg = Release|Any CPU
		{6B191BAD-E99F-4C20-9BAA-EE033318F64C}.Release|Any CPU.Build.0 = Release|Any CPU
		{6DB9B9D4-DDCB-4970-8495-31AE8C0DBCB2}.Debug|Any CPU.ActiveCfg = Debug|Any CPU
		{6DB9B9D4-DDCB-4970-8495-31AE8C0DBCB2}.Debug|Any CPU.Build.0 = Debug|Any CPU
		{6DB9B9D4-DDCB-4970-8495-31AE8C0DBCB2}.Release|Any CPU.ActiveCfg = Release|Any CPU
		{6DB9B9D4-DDCB-4970-8495-31AE8C0DBCB2}.Release|Any CPU.Build.0 = Release|Any CPU
		{73B305C2-3C3E-4878-ABA1-536A4E47EA10}.Debug|Any CPU.ActiveCfg = Debug|Any CPU
		{73B305C2-3C3E-4878-ABA1-536A4E47EA10}.Debug|Any CPU.Build.0 = Debug|Any CPU
		{73B305C2-3C3E-4878-ABA1-536A4E47EA10}.Release|Any CPU.ActiveCfg = Release|Any CPU
		{73B305C2-3C3E-4878-ABA1-536A4E47EA10}.Release|Any CPU.Build.0 = Release|Any CPU
		{81535458-0ED5-4FFA-AB6E-BBA66156192C}.Debug|Any CPU.ActiveCfg = Debug|Any CPU
		{81535458-0ED5-4FFA-AB6E-BBA66156192C}.Debug|Any CPU.Build.0 = Debug|Any CPU
		{81535458-0ED5-4FFA-AB6E-BBA66156192C}.Release|Any CPU.ActiveCfg = Release|Any CPU
		{81535458-0ED5-4FFA-AB6E-BBA66156192C}.Release|Any CPU.Build.0 = Release|Any CPU
	EndGlobalSection
	GlobalSection(SolutionProperties) = preSolution
		HideSolutionNode = FALSE
	EndGlobalSection
	GlobalSection(ExtensibilityGlobals) = postSolution
		SolutionGuid = {B5EC560F-6316-4208-99DD-8927A52C74AB}
	EndGlobalSection
EndGlobal
