
Microsoft Visual Studio Solution File, Format Version 12.00
# Visual Studio Version 17
VisualStudioVersion = 17.14.36221.1 d17.14
MinimumVisualStudioVersion = 10.0.40219.1
Project("{FAE04EC0-301F-11D3-BF4B-00C04F79EFBC}") = "Server", "Server\Server.csproj", "{2102C7F6-1DBA-4E07-9AED-AE5D079B7E8E}"
EndProject
Project("{FAE04EC0-301F-11D3-BF4B-00C04F79EFBC}") = "Client", "Client\Client.csproj", "{CFAB4D2C-5ACB-46F8-A612-4C43CC365AB0}"
EndProject
Global
	GlobalSection(SolutionConfigurationPlatforms) = preSolution
		Debug|Any CPU = Debug|Any CPU
		Release|Any CPU = Release|Any CPU
	EndGlobalSection
	GlobalSection(ProjectConfigurationPlatforms) = postSolution
		{2102C7F6-1DBA-4E07-9AED-AE5D079B7E8E}.Debug|Any CPU.ActiveCfg = Debug|Any CPU
		{2102C7F6-1DBA-4E07-9AED-AE5D079B7E8E}.Debug|Any CPU.Build.0 = Debug|Any CPU
		{2102C7F6-1DBA-4E07-9AED-AE5D079B7E8E}.Release|Any CPU.ActiveCfg = Release|Any CPU
		{2102C7F6-1DBA-4E07-9AED-AE5D079B7E8E}.Release|Any CPU.Build.0 = Release|Any CPU
		{CFAB4D2C-5ACB-46F8-A612-4C43CC365AB0}.Debug|Any CPU.ActiveCfg = Debug|Any CPU
		{CFAB4D2C-5ACB-46F8-A612-4C43CC365AB0}.Debug|Any CPU.Build.0 = Debug|Any CPU
		{CFAB4D2C-5ACB-46F8-A612-4C43CC365AB0}.Release|Any CPU.ActiveCfg = Release|Any CPU
		{CFAB4D2C-5ACB-46F8-A612-4C43CC365AB0}.Release|Any CPU.Build.0 = Release|Any CPU
	EndGlobalSection
	GlobalSection(SolutionProperties) = preSolution
		HideSolutionNode = FALSE
	EndGlobalSection
	GlobalSection(ExtensibilityGlobals) = postSolution
		SolutionGuid = {BFCC9133-F8FF-4A7E-82C9-74660A7F1591}
	EndGlobalSection
EndGlobal
